
Microsoft Visual Studio Solution File, Format Version 12.00
# Visual Studio Version 16
VisualStudioVersion = 16.0.28315.86
MinimumVisualStudioVersion = 10.0.40219.1
Project("{9A19103F-16F7-4668-BE54-9A1E7A4F7556}") = "TcpMux", "TcpMux\TcpMux.csproj", "{05A46C68-5062-465C-AEF0-C1B8458A6079}"
EndProject
Project("{2150E333-8FDC-42A3-9474-1A3956D46DE8}") = "Solution Items", "Solution Items", "{B0D385F3-E487-4731-A5E7-13B994C73735}"
	ProjectSection(SolutionItems) = preProject
		.editorconfig = .editorconfig
		azure-pipelines.yml = azure-pipelines.yml
		Dockerfile = Dockerfile
		LICENSE = LICENSE
		README.md = README.md
	EndProjectSection
EndProject
Global
	GlobalSection(SolutionConfigurationPlatforms) = preSolution
		Debug|Any CPU = Debug|Any CPU
		Release|Any CPU = Release|Any CPU
	EndGlobalSection
	GlobalSection(ProjectConfigurationPlatforms) = postSolution
		{05A46C68-5062-465C-AEF0-C1B8458A6079}.Debug|Any CPU.ActiveCfg = Debug|Any CPU
		{05A46C68-5062-465C-AEF0-C1B8458A6079}.Debug|Any CPU.Build.0 = Debug|Any CPU
		{05A46C68-5062-465C-AEF0-C1B8458A6079}.Release|Any CPU.ActiveCfg = Release|Any CPU
		{05A46C68-5062-465C-AEF0-C1B8458A6079}.Release|Any CPU.Build.0 = Release|Any CPU
	EndGlobalSection
	GlobalSection(SolutionProperties) = preSolution
		HideSolutionNode = FALSE
	EndGlobalSection
	GlobalSection(ExtensibilityGlobals) = postSolution
		SolutionGuid = {0D45155F-4EC0-4CCF-A676-E86CC3552495}
	EndGlobalSection
EndGlobal
